# spec/inventory.lock -- fingerprint of the spec inventory (the source of
# truth). The traceability gate fails when the doc's SHA-256 drifts from this
# value: a spec delta without a test delta. Re-record it (IRIS_TRACE_UPDATE_LOCK=1
# go test ./internal/trace -run TestSpecLockUpdate) only alongside the test delta.
spec_path: docs/Iris Specification Inventory.md
sha256: c396f72592a31a81f9c9c5f64241ef5b3077b76ece0083a0a55176f17bf1a8b5
