# spec/inventory.lock -- fingerprint of the spec inventory (the source of
# truth). The traceability gate fails when the doc's SHA-256 drifts from this
# value: a spec delta without a test delta. Re-record it (IRIS_TRACE_UPDATE_LOCK=1
# go test ./internal/trace -run TestSpecLockUpdate) only alongside the test delta.
spec_path: docs/Iris Specification Inventory.md
sha256: 5bff7f072225f0d8060d9dc1d02e59fb15586ab6701aec76a43fdca158ec46b5
