# spec/inventory.lock -- fingerprint of the spec inventory (the source of
# truth). The traceability gate fails when the doc's SHA-256 drifts from this
# value: a spec delta without a test delta. Re-record it (IRIS_TRACE_UPDATE_LOCK=1
# go test ./internal/trace -run TestSpecLockUpdate) only alongside the test delta.
spec_path: docs/Iris Specification Inventory.md
sha256: 630870de16bfa958776b2853f889dfca4d4c319d380247fef06bff92df4bad66
